
Microsoft Visual Studio Solution File, Format Version 12.00
# Visual Studio Version 17
VisualStudioVersion = 17.2.32526.322
MinimumVisualStudioVersion = 10.0.40219.1
Project("{FAE04EC0-301F-11D3-BF4B-00C04F79EFBC}") = "P134Lab", "P134Lab\P134Lab.csproj", "{2D144B8C-2D76-4198-AD43-0E42584D1FDE}"
EndProject
Global
	GlobalSection(SolutionConfigurationPlatforms) = preSolution
		Debug|Any CPU = Debug|Any CPU
		Release|Any CPU = Release|Any CPU
	EndGlobalSection
	GlobalSection(ProjectConfigurationPlatforms) = postSolution
		{2D144B8C-2D76-4198-AD43-0E42584D1FDE}.Debug|Any CPU.ActiveCfg = Debug|Any CPU
		{2D144B8C-2D76-4198-AD43-0E42584D1FDE}.Debug|Any CPU.Build.0 = Debug|Any CPU
		{2D144B8C-2D76-4198-AD43-0E42584D1FDE}.Release|Any CPU.ActiveCfg = Release|Any CPU
		{2D144B8C-2D76-4198-AD43-0E42584D1FDE}.Release|Any CPU.Build.0 = Release|Any CPU
	EndGlobalSection
	GlobalSection(SolutionProperties) = preSolution
		HideSolutionNode = FALSE
	EndGlobalSection
	GlobalSection(ExtensibilityGlobals) = postSolution
		SolutionGuid = {762AB91A-715D-41F3-8AED-0088358EF694}
	EndGlobalSection
EndGlobal
